Microsoft Visual Studio Solution File, Format Version 12.00
# Visual Studio Version 17
VisualStudioVersion = 17.1.32328.378
MinimumVisualStudioVersion = 10.0.40219.1
Project("{FAE04EC0-301F-11D3-BF4B-00C04F79EFBC}") = "fcConferenceManager", "fcConferenceManager\fcConferenceManager.csproj", "{8EF9CFBC-A7A0-4BA3-81EE-6E2F0192B94C}"
EndProject
Global
	GlobalSection(SolutionConfigurationPlatforms) = preSolution
		Debug|Any CPU = Debug|Any CPU
		Debug|x86 = Debug|x86
		Release|Any CPU = Release|Any CPU
		Release|x86 = Release|x86
	EndGlobalSection
	GlobalSection(ProjectConfigurationPlatforms) = postSolution
		{8EF9CFBC-A7A0-4BA3-81EE-6E2F0192B94C}.Debug|Any CPU.ActiveCfg = Debug|Any CPU
		{8EF9CFBC-A7A0-4BA3-81EE-6E2F0192B94C}.Debug|Any CPU.Build.0 = Debug|Any CPU
		{8EF9CFBC-A7A0-4BA3-81EE-6E2F0192B94C}.Debug|x86.ActiveCfg = Debug|Any CPU
		{8EF9CFBC-A7A0-4BA3-81EE-6E2F0192B94C}.Debug|x86.Build.0 = Debug|Any CPU
		{8EF9CFBC-A7A0-4BA3-81EE-6E2F0192B94C}.Release|Any CPU.ActiveCfg = Release|Any CPU
		{8EF9CFBC-A7A0-4BA3-81EE-6E2F0192B94C}.Release|Any CPU.Build.0 = Release|Any CPU
		{8EF9CFBC-A7A0-4BA3-81EE-6E2F0192B94C}.Release|x86.ActiveCfg = Release|Any CPU
		{8EF9CFBC-A7A0-4BA3-81EE-6E2F0192B94C}.Release|x86.Build.0 = Release|Any CPU
	EndGlobalSection
	GlobalSection(SolutionProperties) = preSolution
		HideSolutionNode = FALSE
	EndGlobalSection
	GlobalSection(ExtensibilityGlobals) = postSolution
		SolutionGuid = {C8DA3AE7-C4EA-421B-AFED-694F69B3F607}
	EndGlobalSection
EndGlobal
